{
    "_meta": {
        "hash": {
            "sha256": "7c1c572bc6cc919bddfd2607858dc5ae3e4c41eb298ebeb969aa0ae339729e37"
        },
        "pipfile-spec": 6,
        "requires": {
            "python_version": "3.12"
        },
        "sources": [
            {
                "name": "pypi",
                "url": "https://pypi.org/simple",
                "verify_ssl": true
            }
        ]
    },
    "default": {},
    "develop": {}
}
